
Microsoft Visual Studio Solution File, Format Version 12.00
# Visual Studio Version 16
VisualStudioVersion = 16.0.28803.202
MinimumVisualStudioVersion = 10.0.40219.1
Project("{9A19103F-16F7-4668-BE54-9A1E7A4F7556}") = "CaglarDurmus.ShoppingApi.Entities", "CaglarDurmus.ShoppingApi.Entities\CaglarDurmus.ShoppingApi.Entities.csproj", "{FD8F46C2-04F8-451C-B20C-18B30625C6C7}"
EndProject
Project("{9A19103F-16F7-4668-BE54-9A1E7A4F7556}") = "CaglarDurmus.ShoppingApi.MvcWebUI", "CaglarDurmus.ShoppingApi.MvcWebUI\CaglarDurmus.ShoppingApi.MvcWebUI.csproj", "{B5099F88-4A32-4D73-AEE9-4F142633D99B}"
EndProject
Project("{9A19103F-16F7-4668-BE54-9A1E7A4F7556}") = "CaglarDurmus.ShoppingApi.DataAccess", "CaglarDurmus.ShoppingApi.DataAccess\CaglarDurmus.ShoppingApi.DataAccess.csproj", "{204D441A-7209-4B25-90EE-AEA2F71D7BF7}"
EndProject
Project("{9A19103F-16F7-4668-BE54-9A1E7A4F7556}") = "CaglarDurmus.ShoppingApi.Business", "CaglarDurmus.ShoppingApi.Business\CaglarDurmus.ShoppingApi.Business.csproj", "{49A3D93E-CC58-4C4F-B0AB-CADB84895D4C}"
EndProject
Project("{9A19103F-16F7-4668-BE54-9A1E7A4F7556}") = "CaglarDurmus.Core", "CaglarDurmus.Core\CaglarDurmus.Core.csproj", "{C3B67628-67CF-4CA8-A3B9-F331480D600F}"
EndProject
Global
	GlobalSection(SolutionConfigurationPlatforms) = preSolution
		Debug|Any CPU = Debug|Any CPU
		Release|Any CPU = Release|Any CPU
	EndGlobalSection
	GlobalSection(ProjectConfigurationPlatforms) = postSolution
		{FD8F46C2-04F8-451C-B20C-18B30625C6C7}.Debug|Any CPU.ActiveCfg = Debug|Any CPU
		{FD8F46C2-04F8-451C-B20C-18B30625C6C7}.Debug|Any CPU.Build.0 = Debug|Any CPU
		{FD8F46C2-04F8-451C-B20C-18B30625C6C7}.Release|Any CPU.ActiveCfg = Release|Any CPU
		{FD8F46C2-04F8-451C-B20C-18B30625C6C7}.Release|Any CPU.Build.0 = Release|Any CPU
		{B5099F88-4A32-4D73-AEE9-4F142633D99B}.Debug|Any CPU.ActiveCfg = Debug|Any CPU
		{B5099F88-4A32-4D73-AEE9-4F142633D99B}.Debug|Any CPU.Build.0 = Debug|Any CPU
		{B5099F88-4A32-4D73-AEE9-4F142633D99B}.Release|Any CPU.ActiveCfg = Release|Any CPU
		{B5099F88-4A32-4D73-AEE9-4F142633D99B}.Release|Any CPU.Build.0 = Release|Any CPU
		{204D441A-7209-4B25-90EE-AEA2F71D7BF7}.Debug|Any CPU.ActiveCfg = Debug|Any CPU
		{204D441A-7209-4B25-90EE-AEA2F71D7BF7}.Debug|Any CPU.Build.0 = Debug|Any CPU
		{204D441A-7209-4B25-90EE-AEA2F71D7BF7}.Release|Any CPU.ActiveCfg = Release|Any CPU
		{204D441A-7209-4B25-90EE-AEA2F71D7BF7}.Release|Any CPU.Build.0 = Release|Any CPU
		{49A3D93E-CC58-4C4F-B0AB-CADB84895D4C}.Debug|Any CPU.ActiveCfg = Debug|Any CPU
		{49A3D93E-CC58-4C4F-B0AB-CADB84895D4C}.Debug|Any CPU.Build.0 = Debug|Any CPU
		{49A3D93E-CC58-4C4F-B0AB-CADB84895D4C}.Release|Any CPU.ActiveCfg = Release|Any CPU
		{49A3D93E-CC58-4C4F-B0AB-CADB84895D4C}.Release|Any CPU.Build.0 = Release|Any CPU
		{C3B67628-67CF-4CA8-A3B9-F331480D600F}.Debug|Any CPU.ActiveCfg = Debug|Any CPU
		{C3B67628-67CF-4CA8-A3B9-F331480D600F}.Debug|Any CPU.Build.0 = Debug|Any CPU
		{C3B67628-67CF-4CA8-A3B9-F331480D600F}.Release|Any CPU.ActiveCfg = Release|Any CPU
		{C3B67628-67CF-4CA8-A3B9-F331480D600F}.Release|Any CPU.Build.0 = Release|Any CPU
	EndGlobalSection
	GlobalSection(SolutionProperties) = preSolution
		HideSolutionNode = FALSE
	EndGlobalSection
	GlobalSection(ExtensibilityGlobals) = postSolution
		SolutionGuid = {EE0CEEEF-FC45-476E-9663-5D89E0CC08D8}
	EndGlobalSection
EndGlobal
